
Microsoft Visual Studio Solution File, Format Version 12.00
# Visual Studio Version 16
VisualStudioVersion = 16.0.32126.315
MinimumVisualStudioVersion = 10.0.40219.1
Project("{FAE04EC0-301F-11D3-BF4B-00C04F79EFBC}") = "SalesWebMvc", "SalesWebMvc\SalesWebMvc.csproj", "{1D13D7D6-35A0-4830-BA75-CA706EF5125A}"
EndProject
Global
	GlobalSection(SolutionConfigurationPlatforms) = preSolution
		Debug|Any CPU = Debug|Any CPU
		Release|Any CPU = Release|Any CPU
	EndGlobalSection
	GlobalSection(ProjectConfigurationPlatforms) = postSolution
		{1D13D7D6-35A0-4830-BA75-CA706EF5125A}.Debug|Any CPU.ActiveCfg = Debug|Any CPU
		{1D13D7D6-35A0-4830-BA75-CA706EF5125A}.Debug|Any CPU.Build.0 = Debug|Any CPU
		{1D13D7D6-35A0-4830-BA75-CA706EF5125A}.Release|Any CPU.ActiveCfg = Release|Any CPU
		{1D13D7D6-35A0-4830-BA75-CA706EF5125A}.Release|Any CPU.Build.0 = Release|Any CPU
	EndGlobalSection
	GlobalSection(SolutionProperties) = preSolution
		HideSolutionNode = FALSE
	EndGlobalSection
	GlobalSection(ExtensibilityGlobals) = postSolution
		SolutionGuid = {13AF2C51-BD4C-44FD-B617-ADE0715ACE94}
	EndGlobalSection
EndGlobal
